
Microsoft Visual Studio Solution File, Format Version 12.00
# Visual Studio Version 16
VisualStudioVersion = 16.0.31613.86
MinimumVisualStudioVersion = 10.0.40219.1
Project("{FAE04EC0-301F-11D3-BF4B-00C04F79EFBC}") = "ThisTimeForSure", "ThisTimeForSure\ThisTimeForSure.csproj", "{83F6835E-D4DD-4882-8AB3-3ACCB06681AB}"
EndProject
Project("{FAE04EC0-301F-11D3-BF4B-00C04F79EFBC}") = "PersonAccess", "PersonAccess\PersonAccess.csproj", "{B44CE1C1-123D-4424-87CD-0455A7E08B13}"
EndProject
Global
	GlobalSection(SolutionConfigurationPlatforms) = preSolution
		Debug|Any CPU = Debug|Any CPU
		Release|Any CPU = Release|Any CPU
	EndGlobalSection
	GlobalSection(ProjectConfigurationPlatforms) = postSolution
		{83F6835E-D4DD-4882-8AB3-3ACCB06681AB}.Debug|Any CPU.ActiveCfg = Debug|Any CPU
		{83F6835E-D4DD-4882-8AB3-3ACCB06681AB}.Debug|Any CPU.Build.0 = Debug|Any CPU
		{83F6835E-D4DD-4882-8AB3-3ACCB06681AB}.Release|Any CPU.ActiveCfg = Release|Any CPU
		{83F6835E-D4DD-4882-8AB3-3ACCB06681AB}.Release|Any CPU.Build.0 = Release|Any CPU
		{B44CE1C1-123D-4424-87CD-0455A7E08B13}.Debug|Any CPU.ActiveCfg = Debug|Any CPU
		{B44CE1C1-123D-4424-87CD-0455A7E08B13}.Debug|Any CPU.Build.0 = Debug|Any CPU
		{B44CE1C1-123D-4424-87CD-0455A7E08B13}.Release|Any CPU.ActiveCfg = Release|Any CPU
		{B44CE1C1-123D-4424-87CD-0455A7E08B13}.Release|Any CPU.Build.0 = Release|Any CPU
	EndGlobalSection
	GlobalSection(SolutionProperties) = preSolution
		HideSolutionNode = FALSE
	EndGlobalSection
	GlobalSection(ExtensibilityGlobals) = postSolution
		SolutionGuid = {4E6FBFEB-644B-4AFC-8F25-5C77E197B78A}
	EndGlobalSection
EndGlobal
